
Microsoft Visual Studio Solution File, Format Version 12.00
# Visual Studio 15
VisualStudioVersion = 15.0.28307.705
MinimumVisualStudioVersion = 10.0.40219.1
Project("{FAE04EC0-301F-11D3-BF4B-00C04F79EFBC}") = "ExploreCalifornia2", "ExploreCalifornia2\ExploreCalifornia2.csproj", "{D6F52B8A-ED26-4A00-9B1F-6E030DB4CF16}"
EndProject
Global
	GlobalSection(SolutionConfigurationPlatforms) = preSolution
		Debug|Any CPU = Debug|Any CPU
		Release|Any CPU = Release|Any CPU
	EndGlobalSection
	GlobalSection(ProjectConfigurationPlatforms) = postSolution
		{D6F52B8A-ED26-4A00-9B1F-6E030DB4CF16}.Debug|Any CPU.ActiveCfg = Debug|Any CPU
		{D6F52B8A-ED26-4A00-9B1F-6E030DB4CF16}.Debug|Any CPU.Build.0 = Debug|Any CPU
		{D6F52B8A-ED26-4A00-9B1F-6E030DB4CF16}.Release|Any CPU.ActiveCfg = Release|Any CPU
		{D6F52B8A-ED26-4A00-9B1F-6E030DB4CF16}.Release|Any CPU.Build.0 = Release|Any CPU
	EndGlobalSection
	GlobalSection(SolutionProperties) = preSolution
		HideSolutionNode = FALSE
	EndGlobalSection
	GlobalSection(ExtensibilityGlobals) = postSolution
		SolutionGuid = {3172C67B-76E6-4FA7-AA96-AE3D534B52A9}
	EndGlobalSection
EndGlobal
